// !$*UTF8*$!
{
	archiveVersion = 1;
	classes = {
	};
	objectVersion = 46;
	objects = {

/* Begin PBXBuildFile section */
		6AB67BE619F76FD1002CB2E5 /* AppDelegate.swift in Sources */ = {isa = PBXBuildFile; fileRef = 6AB67BE519F76FD1002CB2E5 /* AppDelegate.swift */; };
		6AB67BE819F76FD1002CB2E5 /* Images.xcassets in Resources */ = {isa = PBXBuildFile; fileRef = 6AB67BE719F76FD1002CB2E5 /* Images.xcassets */; };
		6AB67BEB19F76FD1002CB2E5 /* MainMenu.xib in Resources */ = {isa = PBXBuildFile; fileRef = 6AB67BE919F76FD1002CB2E5 /* MainMenu.xib */; };
		6AB67BF719F76FD1002CB2E5 /* WifiPasswordTests.swift in Sources */ = {isa = PBXBuildFile; fileRef = 6AB67BF619F76FD1002CB2E5 /* WifiPasswordTests.swift */; };
/* End PBXBuildFile section */

/* Begin PBXContainerItemProxy section */
		6AB67BF119F76FD1002CB2E5 /* PBXContainerItemProxy */ = {
			isa = PBXContainerItemProxy;
			containerPortal = 6AB67BD819F76FD1002CB2E5 /* Project object */;
			proxyType = 1;
			remoteGlobalIDString = 6AB67BDF19F76FD1002CB2E5;
			remoteInfo = WifiPassword;
		};
/* End PBXContainerItemProxy section */

/* Begin PBXFileReference section */
		6AB67BE019F76FD1002CB2E5 /* WifiPassword.app */ = {isa = PBXFileReference; explicitFileType = wrapper.application; includeInIndex = 0; path = WifiPassword.app; sourceTree = BUILT_PRODUCTS_DIR; };
		6AB67BE419F76FD1002CB2E5 /* Info.plist */ = {isa = PBXFileReference; lastKnownFileType = text.plist.xml; path = Info.plist; sourceTree = "<group>"; };
		6AB67BE519F76FD1002CB2E5 /* AppDelegate.swift */ = {isa = PBXFileReference; lastKnownFileType = sourcecode.swift; path = AppDelegate.swift; sourceTree = "<group>"; };
		6AB67BE719F76FD1002CB2E5 /* Images.xcassets */ = {isa = PBXFileReference; lastKnownFileType = folder.assetcatalog; path = Images.xcassets; sourceTree = "<group>"; };
		6AB67BEA19F76FD1002CB2E5 /* Base */ = {isa = PBXFileReference; lastKnownFileType = file.xib; name = Base; path = Base.lproj/MainMenu.xib; sourceTree = "<group>"; };
		6AB67BF019F76FD1002CB2E5 /* WifiPasswordTests.xctest */ = {isa = PBXFileReference; explicitFileType = wrapper.cfbundle; includeInIndex = 0; path = WifiPasswordTests.xctest; sourceTree = BUILT_PRODUCTS_DIR; };
		6AB67BF519F76FD1002CB2E5 /* Info.plist */ = {isa = PBXFileReference; lastKnownFileType = text.plist.xml; path = Info.plist; sourceTree = "<group>"; };
		6AB67BF619F76FD1002CB2E5 /* WifiPasswordTests.swift */ = {isa = PBXFileReference; lastKnownFileType = sourcecode.swift; path = WifiPasswordTests.swift; sourceTree = "<group>"; };
/* End PBXFileReference section */

/* Begin PBXFrameworksBuildPhase section */
		6AB67BDD19F76FD1002CB2E5 /* Frameworks */ = {
			isa = PBXFrameworksBuildPhase;
			buildActionMask = 2147483647;
			files = (
			);
			runOnlyForDeploymentPostprocessing = 0;
		};
		6AB67BED19F76FD1002CB2E5 /* Frameworks */ = {
			isa = PBXFrameworksBuildPhase;
			buildActionMask = 2147483647;
			files = (
			);
			runOnlyForDeploymentPostprocessing = 0;
		};
/* End PBXFrameworksBuildPhase section */

/* Begin PBXGroup section */
		6AB67BD719F76FD1002CB2E5 = {
			isa = PBXGroup;
			children = (
				6AB67BE219F76FD1002CB2E5 /* WifiPassword */,
				6AB67BF319F76FD1002CB2E5 /* WifiPasswordTests */,
				6AB67BE119F76FD1002CB2E5 /* Products */,
			);
			sourceTree = "<group>";
		};
		6AB67BE119F76FD1002CB2E5 /* Products */ = {
			isa = PBXGroup;
			children = (
				6AB67BE019F76FD1002CB2E5 /* WifiPassword.app */,
				6AB67BF019F76FD1002CB2E5 /* WifiPasswordTests.xctest */,
			);
			name = Products;
			sourceTree = "<group>";
		};
		6AB67BE219F76FD1002CB2E5 /* WifiPassword */ = {
			isa = PBXGroup;
			children = (
				6AB67BE519F76FD1002CB2E5 /* AppDelegate.swift */,
				6AB67BE719F76FD1002CB2E5 /* Images.xcassets */,
				6AB67BE919F76FD1002CB2E5 /* MainMenu.xib */,
				6AB67BE319F76FD1002CB2E5 /* Supporting Files */,
			);
			path = WifiPassword;
			sourceTree = "<group>";
		};
		6AB67BE319F76FD1002CB2E5 /* Supporting Files */ = {
			isa = PBXGroup;
			children = (
				6AB67BE419F76FD1002CB2E5 /* Info.plist */,
			);
			name = "Supporting Files";
			sourceTree = "<group>";
		};
		6AB67BF319F76FD1002CB2E5 /* WifiPasswordTests */ = {
			isa = PBXGroup;
			children = (
				6AB67BF619F76FD1002CB2E5 /* WifiPasswordTests.swift */,
				6AB67BF419F76FD1002CB2E5 /* Supporting Files */,
			);
			path = WifiPasswordTests;
			sourceTree = "<group>";
		};
		6AB67BF419F76FD1002CB2E5 /* Supporting Files */ = {
			isa = PBXGroup;
			children = (
				6AB67BF519F76FD1002CB2E5 /* Info.plist */,
			);
			name = "Supporting Files";
			sourceTree = "<group>";
		};
/* End PBXGroup section */

/* Begin PBXNativeTarget section */
		6AB67BDF19F76FD1002CB2E5 /* WifiPassword */ = {
			isa = PBXNativeTarget;
			buildConfigurationList = 6AB67BFA19F76FD1002CB2E5 /* Build configuration list for PBXNativeTarget "WifiPassword" */;
			buildPhases = (
				6AB67BDC19F76FD1002CB2E5 /* Sources */,
				6AB67BDD19F76FD1002CB2E5 /* Frameworks */,
				6AB67BDE19F76FD1002CB2E5 /* Resources */,
			);
			buildRules = (
			);
			dependencies = (
			);
			name = WifiPassword;
			productName = WifiPassword;
			productReference = 6AB67BE019F76FD1002CB2E5 /* WifiPassword.app */;
			productType = "com.apple.product-type.application";
		};
		6AB67BEF19F76FD1002CB2E5 /* WifiPasswordTests */ = {
			isa = PBXNativeTarget;
			buildConfigurationList = 6AB67BFD19F76FD1002CB2E5 /* Build configuration list for PBXNativeTarget "WifiPasswordTests" */;
			buildPhases = (
				6AB67BEC19F76FD1002CB2E5 /* Sources */,
				6AB67BED19F76FD1002CB2E5 /* Frameworks */,
				6AB67BEE19F76FD1002CB2E5 /* Resources */,
			);
			buildRules = (
			);
			dependencies = (
				6AB67BF219F76FD1002CB2E5 /* PBXTargetDependency */,
			);
			name = WifiPasswordTests;
			productName = WifiPasswordTests;
			productReference = 6AB67BF019F76FD1002CB2E5 /* WifiPasswordTests.xctest */;
			productType = "com.apple.product-type.bundle.unit-test";
		};
/* End PBXNativeTarget section */

/* Begin PBXProject section */
		6AB67BD819F76FD1002CB2E5 /* Project object */ = {
			isa = PBXProject;
			attributes = {
				LastUpgradeCheck = 0610;
				ORGANIZATIONNAME = irosenb;
				TargetAttributes = {
					6AB67BDF19F76FD1002CB2E5 = {
						CreatedOnToolsVersion = 6.1;
					};
					6AB67BEF19F76FD1002CB2E5 = {
						CreatedOnToolsVersion = 6.1;
						TestTargetID = 6AB67BDF19F76FD1002CB2E5;
					};
				};
			};
			buildConfigurationList = 6AB67BDB19F76FD1002CB2E5 /* Build configuration list for PBXProject "WifiPassword" */;
			compatibilityVersion = "Xcode 3.2";
			developmentRegion = English;
			hasScannedForEncodings = 0;
			knownRegions = (
				en,
				Base,
			);
			mainGroup = 6AB67BD719F76FD1002CB2E5;
			productRefGroup = 6AB67BE119F76FD1002CB2E5 /* Products */;
			projectDirPath = "";
			projectRoot = "";
			targets = (
				6AB67BDF19F76FD1002CB2E5 /* WifiPassword */,
				6AB67BEF19F76FD1002CB2E5 /* WifiPasswordTests */,
			);
		};
/* End PBXProject section */

/* Begin PBXResourcesBuildPhase section */
		6AB67BDE19F76FD1002CB2E5 /* Resources */ = {
			isa = PBXResourcesBuildPhase;
			buildActionMask = 2147483647;
			files = (
				6AB67BE819F76FD1002CB2E5 /* Images.xcassets in Resources */,
				6AB67BEB19F76FD1002CB2E5 /* MainMenu.xib in Resources */,
			);
			runOnlyForDeploymentPostprocessing = 0;
		};
		6AB67BEE19F76FD1002CB2E5 /* Resources */ = {
			isa = PBXResourcesBuildPhase;
			buildActionMask = 2147483647;
			files = (
			);
			runOnlyForDeploymentPostprocessing = 0;
		};
/* End PBXResourcesBuildPhase section */

/* Begin PBXSourcesBuildPhase section */
		6AB67BDC19F76FD1002CB2E5 /* Sources */ = {
			isa = PBXSourcesBuildPhase;
			buildActionMask = 2147483647;
			files = (
				6AB67BE619F76FD1002CB2E5 /* AppDelegate.swift in Sources */,
			);
			runOnlyForDeploymentPostprocessing = 0;
		};
		6AB67BEC19F76FD1002CB2E5 /* Sources */ = {
			isa = PBXSourcesBuildPhase;
			buildActionMask = 2147483647;
			files = (
				6AB67BF719F76FD1002CB2E5 /* WifiPasswordTests.swift in Sources */,
			);
			runOnlyForDeploymentPostprocessing = 0;
		};
/* End PBXSourcesBuildPhase section */

/* Begin PBXTargetDependency section */
		6AB67BF219F76FD1002CB2E5 /* PBXTargetDependency */ = {
			isa = PBXTargetDependency;
			target = 6AB67BDF19F76FD1002CB2E5 /* WifiPassword */;
			targetProxy = 6AB67BF119F76FD1002CB2E5 /* PBXContainerItemProxy */;
		};
/* End PBXTargetDependency section */

/* Begin PBXVariantGroup section */
		6AB67BE919F76FD1002CB2E5 /* MainMenu.xib */ = {
			isa = PBXVariantGroup;
			children = (
				6AB67BEA19F76FD1002CB2E5 /* Base */,
			);
			name = MainMenu.xib;
			sourceTree = "<group>";
		};
/* End PBXVariantGroup section */

/* Begin XCBuildConfiguration section */
		6AB67BF819F76FD1002CB2E5 /* Debug */ = {
			isa = XCBuildConfiguration;
			buildSettings = {
				ALWAYS_SEARCH_USER_PATHS = NO;
				CLANG_CXX_LANGUAGE_STANDARD = "gnu++0x";
				CLANG_CXX_LIBRARY = "libc++";
				CLANG_ENABLE_MODULES = YES;
				CLANG_ENABLE_OBJC_ARC = YES;
				CLANG_WARN_BOOL_CONVERSION = YES;
				CLANG_WARN_CONSTANT_CONVERSION = YES;
				CLANG_WARN_DIRECT_OBJC_ISA_USAGE = YES_ERROR;
				CLANG_WARN_EMPTY_BODY = YES;
				CLANG_WARN_ENUM_CONVERSION = YES;
				CLANG_WARN_INT_CONVERSION = YES;
				CLANG_WARN_OBJC_ROOT_CLASS = YES_ERROR;
				CLANG_WARN_UNREACHABLE_CODE = YES;
				CLANG_WARN__DUPLICATE_METHOD_MATCH = YES;
				CODE_SIGN_IDENTITY = "-";
				COPY_PHASE_STRIP = NO;
				ENABLE_STRICT_OBJC_MSGSEND = YES;
				GCC_C_LANGUAGE_STANDARD = gnu99;
				GCC_DYNAMIC_NO_PIC = NO;
				GCC_OPTIMIZATION_LEVEL = 0;
				GCC_PREPROCESSOR_DEFINITIONS = (
					"DEBUG=1",
					"$(inherited)",
				);
				GCC_SYMBOLS_PRIVATE_EXTERN = NO;
				GCC_WARN_64_TO_32_BIT_CONVERSION = YES;
				GCC_WARN_ABOUT_RETURN_TYPE = YES_ERROR;
				GCC_WARN_UNDECLARED_SELECTOR = YES;
				GCC_WARN_UNINITIALIZED_AUTOS = YES_AGGRESSIVE;
				GCC_WARN_UNUSED_FUNCTION = YES;
				GCC_WARN_UNUSED_VARIABLE = YES;
				MACOSX_DEPLOYMENT_TARGET = 10.10;
				MTL_ENABLE_DEBUG_INFO = YES;
				ONLY_ACTIVE_ARCH = YES;
				SDKROOT = macosx;
				SWIFT_OPTIMIZATION_LEVEL = "-Onone";
			};
			name = Debug;
		};
		6AB67BF919F76FD1002CB2E5 /* Release */ = {
			isa = XCBuildConfiguration;
			buildSettings = {
				ALWAYS_SEARCH_USER_PATHS = NO;
				CLANG_CXX_LANGUAGE_STANDARD = "gnu++0x";
				CLANG_CXX_LIBRARY = "libc++";
				CLANG_ENABLE_MODULES = YES;
				CLANG_ENABLE_OBJC_ARC = YES;
				CLANG_WARN_BOOL_CONVERSION = YES;
				CLANG_WARN_CONSTANT_CONVERSION = YES;
				CLANG_WARN_DIRECT_OBJC_ISA_USAGE = YES_ERROR;
				CLANG_WARN_EMPTY_BODY = YES;
				CLANG_WARN_ENUM_CONVERSION = YES;
				CLANG_WARN_INT_CONVERSION = YES;
				CLANG_WARN_OBJC_ROOT_CLASS = YES_ERROR;
				CLANG_WARN_UNREACHABLE_CODE = YES;
				CLANG_WARN__DUPLICATE_METHOD_MATCH = YES;
				CODE_SIGN_IDENTITY = "-";
				COPY_PHASE_STRIP = YES;
				DEBUG_INFORMATION_FORMAT = "dwarf-with-dsym";
				ENABLE_NS_ASSERTIONS = NO;
				ENABLE_STRICT_OBJC_MSGSEND = YES;
				GCC_C_LANGUAGE_STANDARD = gnu99;
				GCC_WARN_64_TO_32_BIT_CONVERSION = YES;
				GCC_WARN_ABOUT_RETURN_TYPE = YES_ERROR;
				GCC_WARN_UNDECLARED_SELECTOR = YES;
				GCC_WARN_UNINITIALIZED_AUTOS = YES_AGGRESSIVE;
				GCC_WARN_UNUSED_FUNCTION = YES;
				GCC_WARN_UNUSED_VARIABLE = YES;
				MACOSX_DEPLOYMENT_TARGET = 10.10;
				MTL_ENABLE_DEBUG_INFO = NO;
				SDKROOT = macosx;
			};
			name = Release;
		};
		6AB67BFB19F76FD1002CB2E5 /* Debug */ = {
			isa = XCBuildConfiguration;
			buildSettings = {
				ASSETCATALOG_COMPILER_APPICON_NAME = AppIcon;
				COMBINE_HIDPI_IMAGES = YES;
				INFOPLIST_FILE = WifiPassword/Info.plist;
				LD_RUNPATH_SEARCH_PATHS = "$(inherited) @executable_path/../Frameworks";
				PRODUCT_NAME = "$(TARGET_NAME)";
			};
			name = Debug;
		};
		6AB67BFC19F76FD1002CB2E5 /* Release */ = {
			isa = XCBuildConfiguration;
			buildSettings = {
				ASSETCATALOG_COMPILER_APPICON_NAME = AppIcon;
				COMBINE_HIDPI_IMAGES = YES;
				INFOPLIST_FILE = WifiPassword/Info.plist;
				LD_RUNPATH_SEARCH_PATHS = "$(inherited) @executable_path/../Frameworks";
				PRODUCT_NAME = "$(TARGET_NAME)";
			};
			name = Release;
		};
		6AB67BFE19F76FD1002CB2E5 /* Debug */ = {
			isa = XCBuildConfiguration;
			buildSettings = {
				BUNDLE_LOADER = "$(TEST_HOST)";
				COMBINE_HIDPI_IMAGES = YES;
				FRAMEWORK_SEARCH_PATHS = (
					"$(DEVELOPER_FRAMEWORKS_DIR)",
					"$(inherited)",
				);
				GCC_PREPROCESSOR_DEFINITIONS = (
					"DEBUG=1",
					"$(inherited)",
				);
				INFOPLIST_FILE = WifiPasswordTests/Info.plist;
				LD_RUNPATH_SEARCH_PATHS = "$(inherited) @executable_path/../Frameworks @loader_path/../Frameworks";
				PRODUCT_NAME = "$(TARGET_NAME)";
				TEST_HOST = "$(BUILT_PRODUCTS_DIR)/WifiPassword.app/Contents/MacOS/WifiPassword";
			};
			name = Debug;
		};
		6AB67BFF19F76FD1002CB2E5 /* Release */ = {
			isa = XCBuildConfiguration;
			buildSettings = {
				BUNDLE_LOADER = "$(TEST_HOST)";
				COMBINE_HIDPI_IMAGES = YES;
				FRAMEWORK_SEARCH_PATHS = (
					"$(DEVELOPER_FRAMEWORKS_DIR)",
					"$(inherited)",
				);
				INFOPLIST_FILE = WifiPasswordTests/Info.plist;
				LD_RUNPATH_SEARCH_PATHS = "$(inherited) @executable_path/../Frameworks @loader_path/../Frameworks";
				PRODUCT_NAME = "$(TARGET_NAME)";
				TEST_HOST = "$(BUILT_PRODUCTS_DIR)/WifiPassword.app/Contents/MacOS/WifiPassword";
			};
			name = Release;
		};
/* End XCBuildConfiguration section */

/* Begin XCConfigurationList section */
		6AB67BDB19F76FD1002CB2E5 /* Build configuration list for PBXProject "WifiPassword" */ = {
			isa = XCConfigurationList;
			buildConfigurations = (
				6AB67BF819F76FD1002CB2E5 /* Debug */,
				6AB67BF919F76FD1002CB2E5 /* Release */,
			);
			defaultConfigurationIsVisible = 0;
			defaultConfigurationName = Release;
		};
		6AB67BFA19F76FD1002CB2E5 /* Build configuration list for PBXNativeTarget "WifiPassword" */ = {
			isa = XCConfigurationList;
			buildConfigurations = (
				6AB67BFB19F76FD1002CB2E5 /* Debug */,
				6AB67BFC19F76FD1002CB2E5 /* Release */,
			);
			defaultConfigurationIsVisible = 0;
		};
		6AB67BFD19F76FD1002CB2E5 /* Build configuration list for PBXNativeTarget "WifiPasswordTests" */ = {
			isa = XCConfigurationList;
			buildConfigurations = (
				6AB67BFE19F76FD1002CB2E5 /* Debug */,
				6AB67BFF19F76FD1002CB2E5 /* Release */,
			);
			defaultConfigurationIsVisible = 0;
		};
/* End XCConfigurationList section */
	};
	rootObject = 6AB67BD819F76FD1002CB2E5 /* Project object */;
}
